
Microsoft Visual Studio Solution File, Format Version 12.00
# Visual Studio 15
VisualStudioVersion = 15.0.26730.3
MinimumVisualStudioVersion = 10.0.40219.1
Project("{2150E333-8FDC-42A3-9474-1A3956D46DE8}") = "Streams", "Streams", "{6D822AE9-1B66-40E4-9DB9-E3B36BA46F1C}"
EndProject
Project("{2150E333-8FDC-42A3-9474-1A3956D46DE8}") = "Cluster", "Cluster", "{0CE7F0BC-0924-4147-A51E-6529D1D3BBDC}"
EndProject
Project("{FAE04EC0-301F-11D3-BF4B-00C04F79EFBC}") = "Client", "Cluster\Client\Client.csproj", "{BB1E4F2E-994B-4C20-8857-6684A2A463FD}"
EndProject
Project("{FAE04EC0-301F-11D3-BF4B-00C04F79EFBC}") = "Grains", "Cluster\Grains\Grains.csproj", "{8B769D31-371D-4C3A-A28F-2783B9150F14}"
EndProject
Project("{FAE04EC0-301F-11D3-BF4B-00C04F79EFBC}") = "Host", "Cluster\Host\Host.csproj", "{6F5D4938-1A5D-402C-B3CA-94F9720E2E7A}"
EndProject
Project("{FAE04EC0-301F-11D3-BF4B-00C04F79EFBC}") = "Host_Consul", "Cluster\Host_Consul\Host_Consul.csproj", "{F48E13A0-801E-4687-A7C0-01456F24F0CD}"
EndProject
Project("{FAE04EC0-301F-11D3-BF4B-00C04F79EFBC}") = "IGrains", "Cluster\IGrains\IGrains.csproj", "{450BA67E-517C-44B5-91DF-DF2B08DA9069}"
EndProject
Project("{FAE04EC0-301F-11D3-BF4B-00C04F79EFBC}") = "Silo_Host", "Streams\HostSilo\Silo_Host.csproj", "{07A9EA47-1989-42D4-8179-A8FD0396A8C6}"
EndProject
Project("{FAE04EC0-301F-11D3-BF4B-00C04F79EFBC}") = "IGrains", "Streams\IGrains\IGrains.csproj", "{2CEC0BBB-A146-404A-AE6F-0ED7FBF7DBAE}"
EndProject
Project("{FAE04EC0-301F-11D3-BF4B-00C04F79EFBC}") = "Grains", "Streams\Grains\Grains.csproj", "{27B92199-2396-4B5C-9911-A9FC4B13EB0B}"
EndProject
Project("{FAE04EC0-301F-11D3-BF4B-00C04F79EFBC}") = "Client_Explicit", "Streams\Client_Explicit\Client_Explicit.csproj", "{5CFECF31-9E47-44A8-B01C-C9D39E20704F}"
EndProject
Project("{FAE04EC0-301F-11D3-BF4B-00C04F79EFBC}") = "Client_Implicit", "Streams\Client_Implicit\Client_Implicit.csproj", "{9F90A9D9-AACF-46FA-8C12-D02371C10576}"
EndProject
Project("{2150E333-8FDC-42A3-9474-1A3956D46DE8}") = "OrleansWebAPI", "OrleansWebAPI", "{3A3BE947-BB9F-4329-89AE-4368641EF091}"
EndProject
Project("{2150E333-8FDC-42A3-9474-1A3956D46DE8}") = "Orleans", "Orleans", "{1BA0F0DB-2C07-4B29-A753-7CDB906C15EE}"
EndProject
Project("{FAE04EC0-301F-11D3-BF4B-00C04F79EFBC}") = "Grains", "OrleansWebAPI\Orleans\Grains\Grains.csproj", "{5D2F75F6-B1CC-409E-A80F-696F89FDC394}"
EndProject
Project("{FAE04EC0-301F-11D3-BF4B-00C04F79EFBC}") = "IGrains", "OrleansWebAPI\Orleans\IGrains\IGrains.csproj", "{2FFFE905-6A4E-4CD6-9552-F50B6AB9A81F}"
EndProject
Project("{FAE04EC0-301F-11D3-BF4B-00C04F79EFBC}") = "Host", "OrleansWebAPI\Orleans\Host\Host.csproj", "{EBBBC68F-51D4-4F1E-900B-DDF7091C0EA4}"
EndProject
Project("{FAE04EC0-301F-11D3-BF4B-00C04F79EFBC}") = "WebAPI", "OrleansWebAPI\WebAPI\WebAPI.csproj", "{F1995E79-B7E5-4A39-9506-049113A560C0}"
EndProject
Global
	GlobalSection(SolutionConfigurationPlatforms) = preSolution
		Debug|Any CPU = Debug|Any CPU
		Release|Any CPU = Release|Any CPU
	EndGlobalSection
	GlobalSection(ProjectConfigurationPlatforms) = postSolution
		{BB1E4F2E-994B-4C20-8857-6684A2A463FD}.Debug|Any CPU.ActiveCfg = Debug|Any CPU
		{BB1E4F2E-994B-4C20-8857-6684A2A463FD}.Debug|Any CPU.Build.0 = Debug|Any CPU
		{BB1E4F2E-994B-4C20-8857-6684A2A463FD}.Release|Any CPU.ActiveCfg = Release|Any CPU
		{BB1E4F2E-994B-4C20-8857-6684A2A463FD}.Release|Any CPU.Build.0 = Release|Any CPU
		{8B769D31-371D-4C3A-A28F-2783B9150F14}.Debug|Any CPU.ActiveCfg = Debug|Any CPU
		{8B769D31-371D-4C3A-A28F-2783B9150F14}.Debug|Any CPU.Build.0 = Debug|Any CPU
		{8B769D31-371D-4C3A-A28F-2783B9150F14}.Release|Any CPU.ActiveCfg = Release|Any CPU
		{8B769D31-371D-4C3A-A28F-2783B9150F14}.Release|Any CPU.Build.0 = Release|Any CPU
		{6F5D4938-1A5D-402C-B3CA-94F9720E2E7A}.Debug|Any CPU.ActiveCfg = Debug|Any CPU
		{6F5D4938-1A5D-402C-B3CA-94F9720E2E7A}.Debug|Any CPU.Build.0 = Debug|Any CPU
		{6F5D4938-1A5D-402C-B3CA-94F9720E2E7A}.Release|Any CPU.ActiveCfg = Release|Any CPU
		{6F5D4938-1A5D-402C-B3CA-94F9720E2E7A}.Release|Any CPU.Build.0 = Release|Any CPU
		{F48E13A0-801E-4687-A7C0-01456F24F0CD}.Debug|Any CPU.ActiveCfg = Debug|Any CPU
		{F48E13A0-801E-4687-A7C0-01456F24F0CD}.Debug|Any CPU.Build.0 = Debug|Any CPU
		{F48E13A0-801E-4687-A7C0-01456F24F0CD}.Release|Any CPU.ActiveCfg = Release|Any CPU
		{F48E13A0-801E-4687-A7C0-01456F24F0CD}.Release|Any CPU.Build.0 = Release|Any CPU
		{450BA67E-517C-44B5-91DF-DF2B08DA9069}.Debug|Any CPU.ActiveCfg = Debug|Any CPU
		{450BA67E-517C-44B5-91DF-DF2B08DA9069}.Debug|Any CPU.Build.0 = Debug|Any CPU
		{450BA67E-517C-44B5-91DF-DF2B08DA9069}.Release|Any CPU.ActiveCfg = Release|Any CPU
		{450BA67E-517C-44B5-91DF-DF2B08DA9069}.Release|Any CPU.Build.0 = Release|Any CPU
		{07A9EA47-1989-42D4-8179-A8FD0396A8C6}.Debug|Any CPU.ActiveCfg = Debug|Any CPU
		{07A9EA47-1989-42D4-8179-A8FD0396A8C6}.Debug|Any CPU.Build.0 = Debug|Any CPU
		{07A9EA47-1989-42D4-8179-A8FD0396A8C6}.Release|Any CPU.ActiveCfg = Release|Any CPU
		{07A9EA47-1989-42D4-8179-A8FD0396A8C6}.Release|Any CPU.Build.0 = Release|Any CPU
		{2CEC0BBB-A146-404A-AE6F-0ED7FBF7DBAE}.Debug|Any CPU.ActiveCfg = Debug|Any CPU
		{2CEC0BBB-A146-404A-AE6F-0ED7FBF7DBAE}.Debug|Any CPU.Build.0 = Debug|Any CPU
		{2CEC0BBB-A146-404A-AE6F-0ED7FBF7DBAE}.Release|Any CPU.ActiveCfg = Release|Any CPU
		{2CEC0BBB-A146-404A-AE6F-0ED7FBF7DBAE}.Release|Any CPU.Build.0 = Release|Any CPU
		{27B92199-2396-4B5C-9911-A9FC4B13EB0B}.Debug|Any CPU.ActiveCfg = Debug|Any CPU
		{27B92199-2396-4B5C-9911-A9FC4B13EB0B}.Debug|Any CPU.Build.0 = Debug|Any CPU
		{27B92199-2396-4B5C-9911-A9FC4B13EB0B}.Release|Any CPU.ActiveCfg = Release|Any CPU
		{27B92199-2396-4B5C-9911-A9FC4B13EB0B}.Release|Any CPU.Build.0 = Release|Any CPU
		{5CFECF31-9E47-44A8-B01C-C9D39E20704F}.Debug|Any CPU.ActiveCfg = Debug|Any CPU
		{5CFECF31-9E47-44A8-B01C-C9D39E20704F}.Debug|Any CPU.Build.0 = Debug|Any CPU
		{5CFECF31-9E47-44A8-B01C-C9D39E20704F}.Release|Any CPU.ActiveCfg = Release|Any CPU
		{5CFECF31-9E47-44A8-B01C-C9D39E20704F}.Release|Any CPU.Build.0 = Release|Any CPU
		{9F90A9D9-AACF-46FA-8C12-D02371C10576}.Debug|Any CPU.ActiveCfg = Debug|Any CPU
		{9F90A9D9-AACF-46FA-8C12-D02371C10576}.Debug|Any CPU.Build.0 = Debug|Any CPU
		{9F90A9D9-AACF-46FA-8C12-D02371C10576}.Release|Any CPU.ActiveCfg = Release|Any CPU
		{9F90A9D9-AACF-46FA-8C12-D02371C10576}.Release|Any CPU.Build.0 = Release|Any CPU
		{5D2F75F6-B1CC-409E-A80F-696F89FDC394}.Debug|Any CPU.ActiveCfg = Debug|Any CPU
		{5D2F75F6-B1CC-409E-A80F-696F89FDC394}.Debug|Any CPU.Build.0 = Debug|Any CPU
		{5D2F75F6-B1CC-409E-A80F-696F89FDC394}.Release|Any CPU.ActiveCfg = Release|Any CPU
		{5D2F75F6-B1CC-409E-A80F-696F89FDC394}.Release|Any CPU.Build.0 = Release|Any CPU
		{2FFFE905-6A4E-4CD6-9552-F50B6AB9A81F}.Debug|Any CPU.ActiveCfg = Debug|Any CPU
		{2FFFE905-6A4E-4CD6-9552-F50B6AB9A81F}.Debug|Any CPU.Build.0 = Debug|Any CPU
		{2FFFE905-6A4E-4CD6-9552-F50B6AB9A81F}.Release|Any CPU.ActiveCfg = Release|Any CPU
		{2FFFE905-6A4E-4CD6-9552-F50B6AB9A81F}.Release|Any CPU.Build.0 = Release|Any CPU
		{EBBBC68F-51D4-4F1E-900B-DDF7091C0EA4}.Debug|Any CPU.ActiveCfg = Debug|Any CPU
		{EBBBC68F-51D4-4F1E-900B-DDF7091C0EA4}.Debug|Any CPU.Build.0 = Debug|Any CPU
		{EBBBC68F-51D4-4F1E-900B-DDF7091C0EA4}.Release|Any CPU.ActiveCfg = Release|Any CPU
		{EBBBC68F-51D4-4F1E-900B-DDF7091C0EA4}.Release|Any CPU.Build.0 = Release|Any CPU
		{F1995E79-B7E5-4A39-9506-049113A560C0}.Debug|Any CPU.ActiveCfg = Debug|Any CPU
		{F1995E79-B7E5-4A39-9506-049113A560C0}.Debug|Any CPU.Build.0 = Debug|Any CPU
		{F1995E79-B7E5-4A39-9506-049113A560C0}.Release|Any CPU.ActiveCfg = Release|Any CPU
		{F1995E79-B7E5-4A39-9506-049113A560C0}.Release|Any CPU.Build.0 = Release|Any CPU
	EndGlobalSection
	GlobalSection(SolutionProperties) = preSolution
		HideSolutionNode = FALSE
	EndGlobalSection
	GlobalSection(NestedProjects) = preSolution
		{BB1E4F2E-994B-4C20-8857-6684A2A463FD} = {0CE7F0BC-0924-4147-A51E-6529D1D3BBDC}
		{8B769D31-371D-4C3A-A28F-2783B9150F14} = {0CE7F0BC-0924-4147-A51E-6529D1D3BBDC}
		{6F5D4938-1A5D-402C-B3CA-94F9720E2E7A} = {0CE7F0BC-0924-4147-A51E-6529D1D3BBDC}
		{F48E13A0-801E-4687-A7C0-01456F24F0CD} = {0CE7F0BC-0924-4147-A51E-6529D1D3BBDC}
		{450BA67E-517C-44B5-91DF-DF2B08DA9069} = {0CE7F0BC-0924-4147-A51E-6529D1D3BBDC}
		{07A9EA47-1989-42D4-8179-A8FD0396A8C6} = {6D822AE9-1B66-40E4-9DB9-E3B36BA46F1C}
		{2CEC0BBB-A146-404A-AE6F-0ED7FBF7DBAE} = {6D822AE9-1B66-40E4-9DB9-E3B36BA46F1C}
		{27B92199-2396-4B5C-9911-A9FC4B13EB0B} = {6D822AE9-1B66-40E4-9DB9-E3B36BA46F1C}
		{5CFECF31-9E47-44A8-B01C-C9D39E20704F} = {6D822AE9-1B66-40E4-9DB9-E3B36BA46F1C}
		{9F90A9D9-AACF-46FA-8C12-D02371C10576} = {6D822AE9-1B66-40E4-9DB9-E3B36BA46F1C}
		{1BA0F0DB-2C07-4B29-A753-7CDB906C15EE} = {3A3BE947-BB9F-4329-89AE-4368641EF091}
		{5D2F75F6-B1CC-409E-A80F-696F89FDC394} = {1BA0F0DB-2C07-4B29-A753-7CDB906C15EE}
		{2FFFE905-6A4E-4CD6-9552-F50B6AB9A81F} = {1BA0F0DB-2C07-4B29-A753-7CDB906C15EE}
		{EBBBC68F-51D4-4F1E-900B-DDF7091C0EA4} = {1BA0F0DB-2C07-4B29-A753-7CDB906C15EE}
		{F1995E79-B7E5-4A39-9506-049113A560C0} = {3A3BE947-BB9F-4329-89AE-4368641EF091}
	EndGlobalSection
	GlobalSection(ExtensibilityGlobals) = postSolution
		SolutionGuid = {911AF974-4263-408F-9BBF-8B3D9E0E386E}
	EndGlobalSection
EndGlobal
