
Microsoft Visual Studio Solution File, Format Version 12.00
# Visual Studio 15
VisualStudioVersion = 15.0.26730.3
MinimumVisualStudioVersion = 10.0.40219.1
Project("{FAE04EC0-301F-11D3-BF4B-00C04F79EFBC}") = "Client", "Client\Client.csproj", "{BB1E4F2E-994B-4C20-8857-6684A2A463FD}"
EndProject
Project("{FAE04EC0-301F-11D3-BF4B-00C04F79EFBC}") = "Host", "Host\Host.csproj", "{6F5D4938-1A5D-402C-B3CA-94F9720E2E7A}"
EndProject
Project("{FAE04EC0-301F-11D3-BF4B-00C04F79EFBC}") = "Grains", "Grains\Grains.csproj", "{8B769D31-371D-4C3A-A28F-2783B9150F14}"
EndProject
Project("{FAE04EC0-301F-11D3-BF4B-00C04F79EFBC}") = "IGrains", "IGrains\IGrains.csproj", "{450BA67E-517C-44B5-91DF-DF2B08DA9069}"
EndProject
Global
	GlobalSection(SolutionConfigurationPlatforms) = preSolution
		Debug|Any CPU = Debug|Any CPU
		Release|Any CPU = Release|Any CPU
	EndGlobalSection
	GlobalSection(ProjectConfigurationPlatforms) = postSolution
		{BB1E4F2E-994B-4C20-8857-6684A2A463FD}.Debug|Any CPU.ActiveCfg = Debug|Any CPU
		{BB1E4F2E-994B-4C20-8857-6684A2A463FD}.Debug|Any CPU.Build.0 = Debug|Any CPU
		{BB1E4F2E-994B-4C20-8857-6684A2A463FD}.Release|Any CPU.ActiveCfg = Release|Any CPU
		{BB1E4F2E-994B-4C20-8857-6684A2A463FD}.Release|Any CPU.Build.0 = Release|Any CPU
		{6F5D4938-1A5D-402C-B3CA-94F9720E2E7A}.Debug|Any CPU.ActiveCfg = Debug|Any CPU
		{6F5D4938-1A5D-402C-B3CA-94F9720E2E7A}.Debug|Any CPU.Build.0 = Debug|Any CPU
		{6F5D4938-1A5D-402C-B3CA-94F9720E2E7A}.Release|Any CPU.ActiveCfg = Release|Any CPU
		{6F5D4938-1A5D-402C-B3CA-94F9720E2E7A}.Release|Any CPU.Build.0 = Release|Any CPU
		{8B769D31-371D-4C3A-A28F-2783B9150F14}.Debug|Any CPU.ActiveCfg = Debug|Any CPU
		{8B769D31-371D-4C3A-A28F-2783B9150F14}.Debug|Any CPU.Build.0 = Debug|Any CPU
		{8B769D31-371D-4C3A-A28F-2783B9150F14}.Release|Any CPU.ActiveCfg = Release|Any CPU
		{8B769D31-371D-4C3A-A28F-2783B9150F14}.Release|Any CPU.Build.0 = Release|Any CPU
		{450BA67E-517C-44B5-91DF-DF2B08DA9069}.Debug|Any CPU.ActiveCfg = Debug|Any CPU
		{450BA67E-517C-44B5-91DF-DF2B08DA9069}.Debug|Any CPU.Build.0 = Debug|Any CPU
		{450BA67E-517C-44B5-91DF-DF2B08DA9069}.Release|Any CPU.ActiveCfg = Release|Any CPU
		{450BA67E-517C-44B5-91DF-DF2B08DA9069}.Release|Any CPU.Build.0 = Release|Any CPU
	EndGlobalSection
	GlobalSection(SolutionProperties) = preSolution
		HideSolutionNode = FALSE
	EndGlobalSection
	GlobalSection(ExtensibilityGlobals) = postSolution
		SolutionGuid = {911AF974-4263-408F-9BBF-8B3D9E0E386E}
	EndGlobalSection
EndGlobal
